
Microsoft Visual Studio Solution File, Format Version 12.00
# Visual Studio 14
VisualStudioVersion = 14.0.25420.1
MinimumVisualStudioVersion = 10.0.40219.1
Project("{2150E333-8FDC-42A3-9474-1A3956D46DE8}") = "Solution Items", "Solution Items", "{525EE1BF-1636-4B77-B9C1-FC1E95301A5C}"
EndProject
Project("{FAE04EC0-301F-11D3-BF4B-00C04F79EFBC}") = "CategoryService", "CategoryService\CategoryService.csproj", "{4D626AB2-3B9A-4336-9A87-503A5C8DA1BD}"
EndProject
Project("{FAE04EC0-301F-11D3-BF4B-00C04F79EFBC}") = "ProductService", "ProductService\ProductService\ProductService.csproj", "{1A29E4F9-596B-438D-8EF1-C0EB04CC7973}"
EndProject
Project("{FAE04EC0-301F-11D3-BF4B-00C04F79EFBC}") = "WcfClient", "WcfClient\WcfClient\WcfClient.csproj", "{BBC699D1-A935-4CF0-A66D-EFEAC5638BBA}"
	ProjectSection(ProjectDependencies) = postProject
		{1A29E4F9-596B-438D-8EF1-C0EB04CC7973} = {1A29E4F9-596B-438D-8EF1-C0EB04CC7973}
	EndProjectSection
EndProject
Global
	GlobalSection(SolutionConfigurationPlatforms) = preSolution
		Debug|Any CPU = Debug|Any CPU
		Release|Any CPU = Release|Any CPU
	EndGlobalSection
	GlobalSection(ProjectConfigurationPlatforms) = postSolution
		{4D626AB2-3B9A-4336-9A87-503A5C8DA1BD}.Debug|Any CPU.ActiveCfg = Debug|Any CPU
		{4D626AB2-3B9A-4336-9A87-503A5C8DA1BD}.Debug|Any CPU.Build.0 = Debug|Any CPU
		{4D626AB2-3B9A-4336-9A87-503A5C8DA1BD}.Release|Any CPU.ActiveCfg = Release|Any CPU
		{4D626AB2-3B9A-4336-9A87-503A5C8DA1BD}.Release|Any CPU.Build.0 = Release|Any CPU
		{1A29E4F9-596B-438D-8EF1-C0EB04CC7973}.Debug|Any CPU.ActiveCfg = Debug|Any CPU
		{1A29E4F9-596B-438D-8EF1-C0EB04CC7973}.Debug|Any CPU.Build.0 = Debug|Any CPU
		{1A29E4F9-596B-438D-8EF1-C0EB04CC7973}.Release|Any CPU.ActiveCfg = Release|Any CPU
		{1A29E4F9-596B-438D-8EF1-C0EB04CC7973}.Release|Any CPU.Build.0 = Release|Any CPU
		{BBC699D1-A935-4CF0-A66D-EFEAC5638BBA}.Debug|Any CPU.ActiveCfg = Debug|Any CPU
		{BBC699D1-A935-4CF0-A66D-EFEAC5638BBA}.Debug|Any CPU.Build.0 = Debug|Any CPU
		{BBC699D1-A935-4CF0-A66D-EFEAC5638BBA}.Release|Any CPU.ActiveCfg = Release|Any CPU
		{BBC699D1-A935-4CF0-A66D-EFEAC5638BBA}.Release|Any CPU.Build.0 = Release|Any CPU
	EndGlobalSection
	GlobalSection(SolutionProperties) = preSolution
		HideSolutionNode = FALSE
	EndGlobalSection
	GlobalSection(NestedProjects) = preSolution
		{4D626AB2-3B9A-4336-9A87-503A5C8DA1BD} = {525EE1BF-1636-4B77-B9C1-FC1E95301A5C}
		{1A29E4F9-596B-438D-8EF1-C0EB04CC7973} = {525EE1BF-1636-4B77-B9C1-FC1E95301A5C}
		{BBC699D1-A935-4CF0-A66D-EFEAC5638BBA} = {525EE1BF-1636-4B77-B9C1-FC1E95301A5C}
	EndGlobalSection
EndGlobal
