
Microsoft Visual Studio Solution File, Format Version 12.00
# Visual Studio 14
VisualStudioVersion = 14.0.25420.1
MinimumVisualStudioVersion = 10.0.40219.1
Project("{FAE04EC0-301F-11D3-BF4B-00C04F79EFBC}") = "ProductService", "WcfServiceLibrary1\ProductService.csproj", "{1A29E4F9-596B-438D-8EF1-C0EB04CC7973}"
EndProject
Project("{FAE04EC0-301F-11D3-BF4B-00C04F79EFBC}") = "CategoryService", "..\CategoryService\CategoryService\CategoryService.csproj", "{1C848D8F-769A-4550-85D5-59A52907C0F2}"
EndProject
Global
	GlobalSection(SolutionConfigurationPlatforms) = preSolution
		Debug|Any CPU = Debug|Any CPU
		Release|Any CPU = Release|Any CPU
	EndGlobalSection
	GlobalSection(ProjectConfigurationPlatforms) = postSolution
		{1A29E4F9-596B-438D-8EF1-C0EB04CC7973}.Debug|Any CPU.ActiveCfg = Debug|Any CPU
		{1A29E4F9-596B-438D-8EF1-C0EB04CC7973}.Debug|Any CPU.Build.0 = Debug|Any CPU
		{1A29E4F9-596B-438D-8EF1-C0EB04CC7973}.Release|Any CPU.ActiveCfg = Release|Any CPU
		{1A29E4F9-596B-438D-8EF1-C0EB04CC7973}.Release|Any CPU.Build.0 = Release|Any CPU
		{1C848D8F-769A-4550-85D5-59A52907C0F2}.Debug|Any CPU.ActiveCfg = Debug|Any CPU
		{1C848D8F-769A-4550-85D5-59A52907C0F2}.Debug|Any CPU.Build.0 = Debug|Any CPU
		{1C848D8F-769A-4550-85D5-59A52907C0F2}.Release|Any CPU.ActiveCfg = Release|Any CPU
		{1C848D8F-769A-4550-85D5-59A52907C0F2}.Release|Any CPU.Build.0 = Release|Any CPU
	EndGlobalSection
	GlobalSection(SolutionProperties) = preSolution
		HideSolutionNode = FALSE
	EndGlobalSection
EndGlobal
